// !$*UTF8*$!
{
	archiveVersion = 1;
	classes = {
	};
	objectVersion = 56;
	objects = {

/* Begin PBXBuildFile section */
		989D991229E48B99007E5F22 /* FinancifyApp.swift in Sources */ = {isa = PBXBuildFile; fileRef = 989D991129E48B99007E5F22 /* FinancifyApp.swift */; };
		989D991429E48B99007E5F22 /* ContentView.swift in Sources */ = {isa = PBXBuildFile; fileRef = 989D991329E48B99007E5F22 /* ContentView.swift */; };
		989D991629E48B9A007E5F22 /* Assets.xcassets in Resources */ = {isa = PBXBuildFile; fileRef = 989D991529E48B9A007E5F22 /* Assets.xcassets */; };
		989D991929E48B9A007E5F22 /* Preview Assets.xcassets in Resources */ = {isa = PBXBuildFile; fileRef = 989D991829E48B9A007E5F22 /* Preview Assets.xcassets */; };
		98F2E64729E8632C00DFFD5B /* Transaction.swift in Sources */ = {isa = PBXBuildFile; fileRef = 98F2E64629E8632C00DFFD5B /* Transaction.swift */; };
		98F2E64929E863BE00DFFD5B /* Category.swift in Sources */ = {isa = PBXBuildFile; fileRef = 98F2E64829E863BE00DFFD5B /* Category.swift */; };
		98F2E64B29E863EE00DFFD5B /* Budget.swift in Sources */ = {isa = PBXBuildFile; fileRef = 98F2E64A29E863EE00DFFD5B /* Budget.swift */; };
		98F2E64D29E8642F00DFFD5B /* SavingGoal.swift in Sources */ = {isa = PBXBuildFile; fileRef = 98F2E64C29E8642F00DFFD5B /* SavingGoal.swift */; };
		98F2E65729E869B600DFFD5B /* TransactionListView.swift in Sources */ = {isa = PBXBuildFile; fileRef = 98F2E65629E869B600DFFD5B /* TransactionListView.swift */; };
/* End PBXBuildFile section */

/* Begin PBXFileReference section */
		989D990E29E48B99007E5F22 /* Financify.app */ = {isa = PBXFileReference; explicitFileType = wrapper.application; includeInIndex = 0; path = Financify.app; sourceTree = BUILT_PRODUCTS_DIR; };
		989D991129E48B99007E5F22 /* FinancifyApp.swift */ = {isa = PBXFileReference; lastKnownFileType = sourcecode.swift; path = FinancifyApp.swift; sourceTree = "<group>"; };
		989D991329E48B99007E5F22 /* ContentView.swift */ = {isa = PBXFileReference; lastKnownFileType = sourcecode.swift; path = ContentView.swift; sourceTree = "<group>"; };
		989D991529E48B9A007E5F22 /* Assets.xcassets */ = {isa = PBXFileReference; lastKnownFileType = folder.assetcatalog; path = Assets.xcassets; sourceTree = "<group>"; };
		989D991829E48B9A007E5F22 /* Preview Assets.xcassets */ = {isa = PBXFileReference; lastKnownFileType = folder.assetcatalog; path = "Preview Assets.xcassets"; sourceTree = "<group>"; };
		98F2E64629E8632C00DFFD5B /* Transaction.swift */ = {isa = PBXFileReference; lastKnownFileType = sourcecode.swift; path = Transaction.swift; sourceTree = "<group>"; };
		98F2E64829E863BE00DFFD5B /* Category.swift */ = {isa = PBXFileReference; lastKnownFileType = sourcecode.swift; path = Category.swift; sourceTree = "<group>"; };
		98F2E64A29E863EE00DFFD5B /* Budget.swift */ = {isa = PBXFileReference; lastKnownFileType = sourcecode.swift; path = Budget.swift; sourceTree = "<group>"; };
		98F2E64C29E8642F00DFFD5B /* SavingGoal.swift */ = {isa = PBXFileReference; lastKnownFileType = sourcecode.swift; path = SavingGoal.swift; sourceTree = "<group>"; };
		98F2E65629E869B600DFFD5B /* TransactionListView.swift */ = {isa = PBXFileReference; lastKnownFileType = sourcecode.swift; path = TransactionListView.swift; sourceTree = "<group>"; };
/* End PBXFileReference section */

/* Begin PBXFrameworksBuildPhase section */
		989D990B29E48B99007E5F22 /* Frameworks */ = {
			isa = PBXFrameworksBuildPhase;
			buildActionMask = 2147483647;
			files = (
			);
			runOnlyForDeploymentPostprocessing = 0;
		};
/* End PBXFrameworksBuildPhase section */

/* Begin PBXGroup section */
		989D990529E48B99007E5F22 = {
			isa = PBXGroup;
			children = (
				989D991029E48B99007E5F22 /* Financify */,
				989D990F29E48B99007E5F22 /* Products */,
			);
			sourceTree = "<group>";
		};
		989D990F29E48B99007E5F22 /* Products */ = {
			isa = PBXGroup;
			children = (
				989D990E29E48B99007E5F22 /* Financify.app */,
			);
			name = Products;
			sourceTree = "<group>";
		};
		989D991029E48B99007E5F22 /* Financify */ = {
			isa = PBXGroup;
			children = (
				98F2E64029E5634500DFFD5B /* Models */,
				98F2E64129E5634900DFFD5B /* ViewModels */,
				98F2E64229E5635200DFFD5B /* Views */,
				98F2E64329E5635800DFFD5B /* Services */,
				98F2E64429E5635F00DFFD5B /* Utils */,
				98F2E64529E5638B00DFFD5B /* Assets */,
				989D991129E48B99007E5F22 /* FinancifyApp.swift */,
				989D991529E48B9A007E5F22 /* Assets.xcassets */,
				989D991729E48B9A007E5F22 /* Preview Content */,
			);
			path = Financify;
			sourceTree = "<group>";
		};
		989D991729E48B9A007E5F22 /* Preview Content */ = {
			isa = PBXGroup;
			children = (
				989D991829E48B9A007E5F22 /* Preview Assets.xcassets */,
			);
			path = "Preview Content";
			sourceTree = "<group>";
		};
		98F2E64029E5634500DFFD5B /* Models */ = {
			isa = PBXGroup;
			children = (
				98F2E64629E8632C00DFFD5B /* Transaction.swift */,
				98F2E64829E863BE00DFFD5B /* Category.swift */,
				98F2E64A29E863EE00DFFD5B /* Budget.swift */,
				98F2E64C29E8642F00DFFD5B /* SavingGoal.swift */,
			);
			path = Models;
			sourceTree = "<group>";
		};
		98F2E64129E5634900DFFD5B /* ViewModels */ = {
			isa = PBXGroup;
			children = (
			);
			path = ViewModels;
			sourceTree = "<group>";
		};
		98F2E64229E5635200DFFD5B /* Views */ = {
			isa = PBXGroup;
			children = (
				989D991329E48B99007E5F22 /* ContentView.swift */,
				98F2E64E29E864D100DFFD5B /* Transaction */,
				98F2E64F29E864D600DFFD5B /* Category */,
				98F2E65029E864DA00DFFD5B /* Budget */,
				98F2E65129E864E200DFFD5B /* SavingGoal */,
				98F2E65329E864EF00DFFD5B /* Settings */,
				98F2E65229E864EB00DFFD5B /* Report */,
			);
			path = Views;
			sourceTree = "<group>";
		};
		98F2E64329E5635800DFFD5B /* Services */ = {
			isa = PBXGroup;
			children = (
			);
			path = Services;
			sourceTree = "<group>";
		};
		98F2E64429E5635F00DFFD5B /* Utils */ = {
			isa = PBXGroup;
			children = (
			);
			path = Utils;
			sourceTree = "<group>";
		};
		98F2E64529E5638B00DFFD5B /* Assets */ = {
			isa = PBXGroup;
			children = (
			);
			path = Assets;
			sourceTree = "<group>";
		};
		98F2E64E29E864D100DFFD5B /* Transaction */ = {
			isa = PBXGroup;
			children = (
				98F2E65629E869B600DFFD5B /* TransactionListView.swift */,
			);
			path = Transaction;
			sourceTree = "<group>";
		};
		98F2E64F29E864D600DFFD5B /* Category */ = {
			isa = PBXGroup;
			children = (
			);
			path = Category;
			sourceTree = "<group>";
		};
		98F2E65029E864DA00DFFD5B /* Budget */ = {
			isa = PBXGroup;
			children = (
			);
			path = Budget;
			sourceTree = "<group>";
		};
		98F2E65129E864E200DFFD5B /* SavingGoal */ = {
			isa = PBXGroup;
			children = (
			);
			path = SavingGoal;
			sourceTree = "<group>";
		};
		98F2E65229E864EB00DFFD5B /* Report */ = {
			isa = PBXGroup;
			children = (
			);
			path = Report;
			sourceTree = "<group>";
		};
		98F2E65329E864EF00DFFD5B /* Settings */ = {
			isa = PBXGroup;
			children = (
			);
			path = Settings;
			sourceTree = "<group>";
		};
/* End PBXGroup section */

/* Begin PBXNativeTarget section */
		989D990D29E48B99007E5F22 /* Financify */ = {
			isa = PBXNativeTarget;
			buildConfigurationList = 989D991C29E48B9A007E5F22 /* Build configuration list for PBXNativeTarget "Financify" */;
			buildPhases = (
				989D990A29E48B99007E5F22 /* Sources */,
				989D990B29E48B99007E5F22 /* Frameworks */,
				989D990C29E48B99007E5F22 /* Resources */,
			);
			buildRules = (
			);
			dependencies = (
			);
			name = Financify;
			productName = Financify;
			productReference = 989D990E29E48B99007E5F22 /* Financify.app */;
			productType = "com.apple.product-type.application";
		};
/* End PBXNativeTarget section */

/* Begin PBXProject section */
		989D990629E48B99007E5F22 /* Project object */ = {
			isa = PBXProject;
			attributes = {
				BuildIndependentTargetsInParallel = 1;
				LastSwiftUpdateCheck = 1420;
				LastUpgradeCheck = 1420;
				TargetAttributes = {
					989D990D29E48B99007E5F22 = {
						CreatedOnToolsVersion = 14.2;
					};
				};
			};
			buildConfigurationList = 989D990929E48B99007E5F22 /* Build configuration list for PBXProject "Financify" */;
			compatibilityVersion = "Xcode 14.0";
			developmentRegion = en;
			hasScannedForEncodings = 0;
			knownRegions = (
				en,
				Base,
			);
			mainGroup = 989D990529E48B99007E5F22;
			productRefGroup = 989D990F29E48B99007E5F22 /* Products */;
			projectDirPath = "";
			projectRoot = "";
			targets = (
				989D990D29E48B99007E5F22 /* Financify */,
			);
		};
/* End PBXProject section */

/* Begin PBXResourcesBuildPhase section */
		989D990C29E48B99007E5F22 /* Resources */ = {
			isa = PBXResourcesBuildPhase;
			buildActionMask = 2147483647;
			files = (
				989D991929E48B9A007E5F22 /* Preview Assets.xcassets in Resources */,
				989D991629E48B9A007E5F22 /* Assets.xcassets in Resources */,
			);
			runOnlyForDeploymentPostprocessing = 0;
		};
/* End PBXResourcesBuildPhase section */

/* Begin PBXSourcesBuildPhase section */
		989D990A29E48B99007E5F22 /* Sources */ = {
			isa = PBXSourcesBuildPhase;
			buildActionMask = 2147483647;
			files = (
				989D991429E48B99007E5F22 /* ContentView.swift in Sources */,
				989D991229E48B99007E5F22 /* FinancifyApp.swift in Sources */,
				98F2E64D29E8642F00DFFD5B /* SavingGoal.swift in Sources */,
				98F2E64B29E863EE00DFFD5B /* Budget.swift in Sources */,
				98F2E64729E8632C00DFFD5B /* Transaction.swift in Sources */,
				98F2E65729E869B600DFFD5B /* TransactionListView.swift in Sources */,
				98F2E64929E863BE00DFFD5B /* Category.swift in Sources */,
			);
			runOnlyForDeploymentPostprocessing = 0;
		};
/* End PBXSourcesBuildPhase section */

/* Begin XCBuildConfiguration section */
		989D991A29E48B9A007E5F22 /* Debug */ = {
			isa = XCBuildConfiguration;
			buildSettings = {
				ALWAYS_SEARCH_USER_PATHS = NO;
				CLANG_ANALYZER_NONNULL = YES;
				CLANG_ANALYZER_NUMBER_OBJECT_CONVERSION = YES_AGGRESSIVE;
				CLANG_CXX_LANGUAGE_STANDARD = "gnu++20";
				CLANG_ENABLE_MODULES = YES;
				CLANG_ENABLE_OBJC_ARC = YES;
				CLANG_ENABLE_OBJC_WEAK = YES;
				CLANG_WARN_BLOCK_CAPTURE_AUTORELEASING = YES;
				CLANG_WARN_BOOL_CONVERSION = YES;
				CLANG_WARN_COMMA = YES;
				CLANG_WARN_CONSTANT_CONVERSION = YES;
				CLANG_WARN_DEPRECATED_OBJC_IMPLEMENTATIONS = YES;
				CLANG_WARN_DIRECT_OBJC_ISA_USAGE = YES_ERROR;
				CLANG_WARN_DOCUMENTATION_COMMENTS = YES;
				CLANG_WARN_EMPTY_BODY = YES;
				CLANG_WARN_ENUM_CONVERSION = YES;
				CLANG_WARN_INFINITE_RECURSION = YES;
				CLANG_WARN_INT_CONVERSION = YES;
				CLANG_WARN_NON_LITERAL_NULL_CONVERSION = YES;
				CLANG_WARN_OBJC_IMPLICIT_RETAIN_SELF = YES;
				CLANG_WARN_OBJC_LITERAL_CONVERSION = YES;
				CLANG_WARN_OBJC_ROOT_CLASS = YES_ERROR;
				CLANG_WARN_QUOTED_INCLUDE_IN_FRAMEWORK_HEADER = YES;
				CLANG_WARN_RANGE_LOOP_ANALYSIS = YES;
				CLANG_WARN_STRICT_PROTOTYPES = YES;
				CLANG_WARN_SUSPICIOUS_MOVE = YES;
				CLANG_WARN_UNGUARDED_AVAILABILITY = YES_AGGRESSIVE;
				CLANG_WARN_UNREACHABLE_CODE = YES;
				CLANG_WARN__DUPLICATE_METHOD_MATCH = YES;
				COPY_PHASE_STRIP = NO;
				DEBUG_INFORMATION_FORMAT = dwarf;
				ENABLE_STRICT_OBJC_MSGSEND = YES;
				ENABLE_TESTABILITY = YES;
				GCC_C_LANGUAGE_STANDARD = gnu11;
				GCC_DYNAMIC_NO_PIC = NO;
				GCC_NO_COMMON_BLOCKS = YES;
				GCC_OPTIMIZATION_LEVEL = 0;
				GCC_PREPROCESSOR_DEFINITIONS = (
					"DEBUG=1",
					"$(inherited)",
				);
				GCC_WARN_64_TO_32_BIT_CONVERSION = YES;
				GCC_WARN_ABOUT_RETURN_TYPE = YES_ERROR;
				GCC_WARN_UNDECLARED_SELECTOR = YES;
				GCC_WARN_UNINITIALIZED_AUTOS = YES_AGGRESSIVE;
				GCC_WARN_UNUSED_FUNCTION = YES;
				GCC_WARN_UNUSED_VARIABLE = YES;
				IPHONEOS_DEPLOYMENT_TARGET = 16.2;
				MTL_ENABLE_DEBUG_INFO = INCLUDE_SOURCE;
				MTL_FAST_MATH = YES;
				ONLY_ACTIVE_ARCH = YES;
				SDKROOT = iphoneos;
				SWIFT_ACTIVE_COMPILATION_CONDITIONS = DEBUG;
				SWIFT_OPTIMIZATION_LEVEL = "-Onone";
			};
			name = Debug;
		};
		989D991B29E48B9A007E5F22 /* Release */ = {
			isa = XCBuildConfiguration;
			buildSettings = {
				ALWAYS_SEARCH_USER_PATHS = NO;
				CLANG_ANALYZER_NONNULL = YES;
				CLANG_ANALYZER_NUMBER_OBJECT_CONVERSION = YES_AGGRESSIVE;
				CLANG_CXX_LANGUAGE_STANDARD = "gnu++20";
				CLANG_ENABLE_MODULES = YES;
				CLANG_ENABLE_OBJC_ARC = YES;
				CLANG_ENABLE_OBJC_WEAK = YES;
				CLANG_WARN_BLOCK_CAPTURE_AUTORELEASING = YES;
				CLANG_WARN_BOOL_CONVERSION = YES;
				CLANG_WARN_COMMA = YES;
				CLANG_WARN_CONSTANT_CONVERSION = YES;
				CLANG_WARN_DEPRECATED_OBJC_IMPLEMENTATIONS = YES;
				CLANG_WARN_DIRECT_OBJC_ISA_USAGE = YES_ERROR;
				CLANG_WARN_DOCUMENTATION_COMMENTS = YES;
				CLANG_WARN_EMPTY_BODY = YES;
				CLANG_WARN_ENUM_CONVERSION = YES;
				CLANG_WARN_INFINITE_RECURSION = YES;
				CLANG_WARN_INT_CONVERSION = YES;
				CLANG_WARN_NON_LITERAL_NULL_CONVERSION = YES;
				CLANG_WARN_OBJC_IMPLICIT_RETAIN_SELF = YES;
				CLANG_WARN_OBJC_LITERAL_CONVERSION = YES;
				CLANG_WARN_OBJC_ROOT_CLASS = YES_ERROR;
				CLANG_WARN_QUOTED_INCLUDE_IN_FRAMEWORK_HEADER = YES;
				CLANG_WARN_RANGE_LOOP_ANALYSIS = YES;
				CLANG_WARN_STRICT_PROTOTYPES = YES;
				CLANG_WARN_SUSPICIOUS_MOVE = YES;
				CLANG_WARN_UNGUARDED_AVAILABILITY = YES_AGGRESSIVE;
				CLANG_WARN_UNREACHABLE_CODE = YES;
				CLANG_WARN__DUPLICATE_METHOD_MATCH = YES;
				COPY_PHASE_STRIP = NO;
				DEBUG_INFORMATION_FORMAT = "dwarf-with-dsym";
				ENABLE_NS_ASSERTIONS = NO;
				ENABLE_STRICT_OBJC_MSGSEND = YES;
				GCC_C_LANGUAGE_STANDARD = gnu11;
				GCC_NO_COMMON_BLOCKS = YES;
				GCC_WARN_64_TO_32_BIT_CONVERSION = YES;
				GCC_WARN_ABOUT_RETURN_TYPE = YES_ERROR;
				GCC_WARN_UNDECLARED_SELECTOR = YES;
				GCC_WARN_UNINITIALIZED_AUTOS = YES_AGGRESSIVE;
				GCC_WARN_UNUSED_FUNCTION = YES;
				GCC_WARN_UNUSED_VARIABLE = YES;
				IPHONEOS_DEPLOYMENT_TARGET = 16.2;
				MTL_ENABLE_DEBUG_INFO = NO;
				MTL_FAST_MATH = YES;
				SDKROOT = iphoneos;
				SWIFT_COMPILATION_MODE = wholemodule;
				SWIFT_OPTIMIZATION_LEVEL = "-O";
				VALIDATE_PRODUCT = YES;
			};
			name = Release;
		};
		989D991D29E48B9A007E5F22 /* Debug */ = {
			isa = XCBuildConfiguration;
			buildSettings = {
				ASSETCATALOG_COMPILER_APPICON_NAME = AppIcon;
				ASSETCATALOG_COMPILER_GLOBAL_ACCENT_COLOR_NAME = AccentColor;
				CODE_SIGN_STYLE = Automatic;
				CURRENT_PROJECT_VERSION = 1;
				DEVELOPMENT_ASSET_PATHS = "\"Financify/Preview Content\"";
				DEVELOPMENT_TEAM = F76TDF8BSD;
				ENABLE_PREVIEWS = YES;
				GENERATE_INFOPLIST_FILE = YES;
				INFOPLIST_KEY_UIApplicationSceneManifest_Generation = YES;
				INFOPLIST_KEY_UIApplicationSupportsIndirectInputEvents = YES;
				INFOPLIST_KEY_UILaunchScreen_Generation = YES;
				INFOPLIST_KEY_UISupportedInterfaceOrientations_iPad = "UIInterfaceOrientationPortrait UIInterfaceOrientationPortraitUpsideDown UIInterfaceOrientationLandscapeLeft UIInterfaceOrientationLandscapeRight";
				INFOPLIST_KEY_UISupportedInterfaceOrientations_iPhone = "UIInterfaceOrientationPortrait UIInterfaceOrientationLandscapeLeft UIInterfaceOrientationLandscapeRight";
				LD_RUNPATH_SEARCH_PATHS = (
					"$(inherited)",
					"@executable_path/Frameworks",
				);
				MARKETING_VERSION = 1.0;
				PRODUCT_BUNDLE_IDENTIFIER = ermalbujupaj.Financify;
				PRODUCT_NAME = "$(TARGET_NAME)";
				SWIFT_EMIT_LOC_STRINGS = YES;
				SWIFT_VERSION = 5.0;
				TARGETED_DEVICE_FAMILY = "1,2";
			};
			name = Debug;
		};
		989D991E29E48B9A007E5F22 /* Release */ = {
			isa = XCBuildConfiguration;
			buildSettings = {
				ASSETCATALOG_COMPILER_APPICON_NAME = AppIcon;
				ASSETCATALOG_COMPILER_GLOBAL_ACCENT_COLOR_NAME = AccentColor;
				CODE_SIGN_STYLE = Automatic;
				CURRENT_PROJECT_VERSION = 1;
				DEVELOPMENT_ASSET_PATHS = "\"Financify/Preview Content\"";
				DEVELOPMENT_TEAM = F76TDF8BSD;
				ENABLE_PREVIEWS = YES;
				GENERATE_INFOPLIST_FILE = YES;
				INFOPLIST_KEY_UIApplicationSceneManifest_Generation = YES;
				INFOPLIST_KEY_UIApplicationSupportsIndirectInputEvents = YES;
				INFOPLIST_KEY_UILaunchScreen_Generation = YES;
				INFOPLIST_KEY_UISupportedInterfaceOrientations_iPad = "UIInterfaceOrientationPortrait UIInterfaceOrientationPortraitUpsideDown UIInterfaceOrientationLandscapeLeft UIInterfaceOrientationLandscapeRight";
				INFOPLIST_KEY_UISupportedInterfaceOrientations_iPhone = "UIInterfaceOrientationPortrait UIInterfaceOrientationLandscapeLeft UIInterfaceOrientationLandscapeRight";
				LD_RUNPATH_SEARCH_PATHS = (
					"$(inherited)",
					"@executable_path/Frameworks",
				);
				MARKETING_VERSION = 1.0;
				PRODUCT_BUNDLE_IDENTIFIER = ermalbujupaj.Financify;
				PRODUCT_NAME = "$(TARGET_NAME)";
				SWIFT_EMIT_LOC_STRINGS = YES;
				SWIFT_VERSION = 5.0;
				TARGETED_DEVICE_FAMILY = "1,2";
			};
			name = Release;
		};
/* End XCBuildConfiguration section */

/* Begin XCConfigurationList section */
		989D990929E48B99007E5F22 /* Build configuration list for PBXProject "Financify" */ = {
			isa = XCConfigurationList;
			buildConfigurations = (
				989D991A29E48B9A007E5F22 /* Debug */,
				989D991B29E48B9A007E5F22 /* Release */,
			);
			defaultConfigurationIsVisible = 0;
			defaultConfigurationName = Release;
		};
		989D991C29E48B9A007E5F22 /* Build configuration list for PBXNativeTarget "Financify" */ = {
			isa = XCConfigurationList;
			buildConfigurations = (
				989D991D29E48B9A007E5F22 /* Debug */,
				989D991E29E48B9A007E5F22 /* Release */,
			);
			defaultConfigurationIsVisible = 0;
			defaultConfigurationName = Release;
		};
/* End XCConfigurationList section */
	};
	rootObject = 989D990629E48B99007E5F22 /* Project object */;
}
